
Microsoft Visual Studio Solution File, Format Version 12.00
# Visual Studio Version 17
VisualStudioVersion = 17.8.34511.84
MinimumVisualStudioVersion = 10.0.40219.1
Project("{FAE04EC0-301F-11D3-BF4B-00C04F79EFBC}") = "PROG6221 POE Part1", "PROG6221 POE Part1\PROG6221 POE Part1.csproj", "{C48062AB-4281-4511-92C3-2C116B079BC7}"
EndProject
Global
	GlobalSection(SolutionConfigurationPlatforms) = preSolution
		Debug|Any CPU = Debug|Any CPU
		Release|Any CPU = Release|Any CPU
	EndGlobalSection
	GlobalSection(ProjectConfigurationPlatforms) = postSolution
		{C48062AB-4281-4511-92C3-2C116B079BC7}.Debug|Any CPU.ActiveCfg = Debug|Any CPU
		{C48062AB-4281-4511-92C3-2C116B079BC7}.Debug|Any CPU.Build.0 = Debug|Any CPU
		{C48062AB-4281-4511-92C3-2C116B079BC7}.Release|Any CPU.ActiveCfg = Release|Any CPU
		{C48062AB-4281-4511-92C3-2C116B079BC7}.Release|Any CPU.Build.0 = Release|Any CPU
	EndGlobalSection
	GlobalSection(SolutionProperties) = preSolution
		HideSolutionNode = FALSE
	EndGlobalSection
	GlobalSection(ExtensibilityGlobals) = postSolution
		SolutionGuid = {CDE443AE-E552-422C-AC50-0A758E772B6D}
	EndGlobalSection
EndGlobal
